
Microsoft Visual Studio Solution File, Format Version 12.00
# Visual Studio Version 17
VisualStudioVersion = 17.0.31903.59
MinimumVisualStudioVersion = 10.0.40219.1
Project("{FAE04EC0-301F-11D3-BF4B-00C04F79EFBC}") = "ExemploFundamentos", "ExemploFundamentos\ExemploFundamentos.csproj", "{B93DD928-9BA9-4F48-B7FF-4B518065D05C}"
EndProject
Project("{FAE04EC0-301F-11D3-BF4B-00C04F79EFBC}") = "ExemploFundamentos.Common", "ExemploFundamentos.Common\ExemploFundamentos.Common.csproj", "{D04C654F-5D64-47EC-A940-1B55FDD1B090}"
EndProject
Global
	GlobalSection(SolutionConfigurationPlatforms) = preSolution
		Debug|Any CPU = Debug|Any CPU
		Release|Any CPU = Release|Any CPU
	EndGlobalSection
	GlobalSection(SolutionProperties) = preSolution
		HideSolutionNode = FALSE
	EndGlobalSection
	GlobalSection(ProjectConfigurationPlatforms) = postSolution
		{B93DD928-9BA9-4F48-B7FF-4B518065D05C}.Debug|Any CPU.ActiveCfg = Debug|Any CPU
		{B93DD928-9BA9-4F48-B7FF-4B518065D05C}.Debug|Any CPU.Build.0 = Debug|Any CPU
		{B93DD928-9BA9-4F48-B7FF-4B518065D05C}.Release|Any CPU.ActiveCfg = Release|Any CPU
		{B93DD928-9BA9-4F48-B7FF-4B518065D05C}.Release|Any CPU.Build.0 = Release|Any CPU
		{D04C654F-5D64-47EC-A940-1B55FDD1B090}.Debug|Any CPU.ActiveCfg = Debug|Any CPU
		{D04C654F-5D64-47EC-A940-1B55FDD1B090}.Debug|Any CPU.Build.0 = Debug|Any CPU
		{D04C654F-5D64-47EC-A940-1B55FDD1B090}.Release|Any CPU.ActiveCfg = Release|Any CPU
		{D04C654F-5D64-47EC-A940-1B55FDD1B090}.Release|Any CPU.Build.0 = Release|Any CPU
	EndGlobalSection
EndGlobal
